github.com/Salvionied/apollo v1.1.0 h1:K1zowNH7crsJ7CXYh+n19Qdrh6zpA1lXGioTNjPbq6Q=
github.com/Salvionied/apollo v1.1.0/go.mod h1:3qMOjbmgRj4kOWc2LECmiovCCRCQg6uD5qhX3GMVcNc=
github.com/Salvionied/cbor/v2 v2.6.0 h1:OEwlZLiodLdNeM9wFoSydLvj6/rHRaxu5G8VzwXSeuY=
github.com/Salvionied/cbor/v2 v2.6.0/go.mod h1:oFxaUo/mQ5sG1k459nzctGdYa80jy0ZqZ9pln9C/fGw=
github.com/tetratelabs/wazero v1.8.2 h1:yIgLR/b2bN31bjxwXHD8a3d+BogigR952csSDdLYEv4=
github.com/tetratelabs/wazero v1.8.2/go.mod h1:yAI0XTsMBhREkM/YDAK/zNou3GoiAce1P6+rp/wQhjs=
github.com/x448/float16 v0.8.4 h1:qLwI1I70+NjRFUR3zs1JPUCgaCXSh3SW62uAKT1mSBM=
github.com/x448/float16 v0.8.4/go.mod h1:14CWIYCyZA/cWjXOioeEpHeN/83MdbZDRQHoFcYsOfg=
golang.org/x/crypto v0.32.0 h1:euUpcYgM8WcP71gNpTqQCn6rC2t6ULUPiOzfWaXVVfc=
golang.org/x/crypto v0.32.0/go.mod h1:ZnnJkOaASj8g0AjIduWNlq2NRxL0PlBrbKVyZ6V/Ugc=
golang.org/x/sys v0.29.0 h1:TPYlXGxvx1MGTn2GiZDhnjPA9wZzZeGKHHmKhHYvgaU=
golang.org/x/sys v0.29.0/go.mod h1:/VUhepiaJMQUp4+oa/7Zr1D23ma6VTLIYjOOTFZPUcA=
